
Microsoft Visual Studio Solution File, Format Version 12.00
# Visual Studio 14
VisualStudioVersion = 14.0.25420.1
MinimumVisualStudioVersion = 10.0.40219.1
Project("{E24C65DC-7377-472B-9ABA-BC803B73C61A}") = "RezaDevBlog", ".", "{175E2575-EBD6-4A19-8105-CC5D7B2BCDDC}"
	ProjectSection(WebsiteProperties) = preProject
		TargetFrameworkMoniker = ".NETFramework,Version%3Dv4.0"
		Debug.AspNetCompiler.VirtualPath = "/localhost_54606"
		Debug.AspNetCompiler.PhysicalPath = "..\RezaDevBlog\"
		Debug.AspNetCompiler.TargetPath = "PrecompiledWeb\localhost_54606\"
		Debug.AspNetCompiler.Updateable = "true"
		Debug.AspNetCompiler.ForceOverwrite = "true"
		Debug.AspNetCompiler.FixedNames = "false"
		Debug.AspNetCompiler.Debug = "True"
		Release.AspNetCompiler.VirtualPath = "/localhost_54606"
		Release.AspNetCompiler.PhysicalPath = "..\RezaDevBlog\"
		Release.AspNetCompiler.TargetPath = "PrecompiledWeb\localhost_54606\"
		Release.AspNetCompiler.Updateable = "true"
		Release.AspNetCompiler.ForceOverwrite = "true"
		Release.AspNetCompiler.FixedNames = "false"
		Release.AspNetCompiler.Debug = "False"
		VWDPort = "54606"
		SlnRelativePath = "..\RezaDevBlog\"
	EndProjectSection
EndProject
Global
	GlobalSection(SolutionConfigurationPlatforms) = preSolution
		Debug|Any CPU = Debug|Any CPU
	EndGlobalSection
	GlobalSection(ProjectConfigurationPlatforms) = postSolution
		{175E2575-EBD6-4A19-8105-CC5D7B2BCDDC}.Debug|Any CPU.ActiveCfg = Debug|Any CPU
		{175E2575-EBD6-4A19-8105-CC5D7B2BCDDC}.Debug|Any CPU.Build.0 = Debug|Any CPU
	EndGlobalSection
	GlobalSection(SolutionProperties) = preSolution
		HideSolutionNode = FALSE
	EndGlobalSection
EndGlobal
